
Microsoft Visual Studio Solution File, Format Version 12.00
# Visual Studio Version 16
VisualStudioVersion = 16.0.31229.75
MinimumVisualStudioVersion = 10.0.40219.1
Project("{9A19103F-16F7-4668-BE54-9A1E7A4F7556}") = "Service", "Service\Service.csproj", "{906F6447-6CC4-466D-A3D2-5AC9CE02DBCA}"
EndProject
Project("{FAE04EC0-301F-11D3-BF4B-00C04F79EFBC}") = "Service.UnitTests", "Service.UnitTests\Service.UnitTests.csproj", "{43D3D85F-1B78-4CC0-83C8-8F1727E60215}"
EndProject
Project("{FAE04EC0-301F-11D3-BF4B-00C04F79EFBC}") = "Service.IntegrationTests", "Service.IntegrationTests\Service.IntegrationTests.csproj", "{4B670FDE-C390-45B2-8367-0EBCECA21F2B}"
EndProject
Project("{FAE04EC0-301F-11D3-BF4B-00C04F79EFBC}") = "Contract", "Contract\Contract.csproj", "{7979DC7C-F8C3-493B-BE2F-5B1B165DF7BA}"
EndProject
Project("{2150E333-8FDC-42A3-9474-1A3956D46DE8}") = "protos", "protos", "{2C00E5C3-9D4C-4814-B582-D081BF0E5356}"
	ProjectSection(SolutionItems) = preProject
		Protos\health.proto = Protos\health.proto
		Protos\test.proto = Protos\test.proto
	EndProjectSection
EndProject
Global
	GlobalSection(SolutionConfigurationPlatforms) = preSolution
		Debug|Any CPU = Debug|Any CPU
		Release|Any CPU = Release|Any CPU
	EndGlobalSection
	GlobalSection(ProjectConfigurationPlatforms) = postSolution
		{906F6447-6CC4-466D-A3D2-5AC9CE02DBCA}.Debug|Any CPU.ActiveCfg = Debug|Any CPU
		{906F6447-6CC4-466D-A3D2-5AC9CE02DBCA}.Debug|Any CPU.Build.0 = Debug|Any CPU
		{906F6447-6CC4-466D-A3D2-5AC9CE02DBCA}.Release|Any CPU.ActiveCfg = Release|Any CPU
		{906F6447-6CC4-466D-A3D2-5AC9CE02DBCA}.Release|Any CPU.Build.0 = Release|Any CPU
		{43D3D85F-1B78-4CC0-83C8-8F1727E60215}.Debug|Any CPU.ActiveCfg = Debug|Any CPU
		{43D3D85F-1B78-4CC0-83C8-8F1727E60215}.Debug|Any CPU.Build.0 = Debug|Any CPU
		{43D3D85F-1B78-4CC0-83C8-8F1727E60215}.Release|Any CPU.ActiveCfg = Release|Any CPU
		{43D3D85F-1B78-4CC0-83C8-8F1727E60215}.Release|Any CPU.Build.0 = Release|Any CPU
		{4B670FDE-C390-45B2-8367-0EBCECA21F2B}.Debug|Any CPU.ActiveCfg = Debug|Any CPU
		{4B670FDE-C390-45B2-8367-0EBCECA21F2B}.Debug|Any CPU.Build.0 = Debug|Any CPU
		{4B670FDE-C390-45B2-8367-0EBCECA21F2B}.Release|Any CPU.ActiveCfg = Release|Any CPU
		{4B670FDE-C390-45B2-8367-0EBCECA21F2B}.Release|Any CPU.Build.0 = Release|Any CPU
		{7979DC7C-F8C3-493B-BE2F-5B1B165DF7BA}.Debug|Any CPU.ActiveCfg = Debug|Any CPU
		{7979DC7C-F8C3-493B-BE2F-5B1B165DF7BA}.Debug|Any CPU.Build.0 = Debug|Any CPU
		{7979DC7C-F8C3-493B-BE2F-5B1B165DF7BA}.Release|Any CPU.ActiveCfg = Release|Any CPU
		{7979DC7C-F8C3-493B-BE2F-5B1B165DF7BA}.Release|Any CPU.Build.0 = Release|Any CPU
	EndGlobalSection
	GlobalSection(SolutionProperties) = preSolution
		HideSolutionNode = FALSE
	EndGlobalSection
	GlobalSection(ExtensibilityGlobals) = postSolution
		SolutionGuid = {503ADA05-B64C-40C3-A562-5998382C55BF}
	EndGlobalSection
EndGlobal
